// !$*UTF8*$!
{
	archiveVersion = 1;
	classes = {
	};
	objectVersion = 46;
	objects = {

/* Begin PBXBuildFile section */
		212D2CC11DDB7C030081BB31 /* ChallengeCreationController.swift in Sources */ = {isa = PBXBuildFile; fileRef = 212D2CC01DDB7C030081BB31 /* ChallengeCreationController.swift */; };
		212D2CC31DDB7D450081BB31 /* challengeObject.swift in Sources */ = {isa = PBXBuildFile; fileRef = 212D2CC21DDB7D450081BB31 /* challengeObject.swift */; };
		503843241DD3E19B009E3DF7 /* AppDelegate.swift in Sources */ = {isa = PBXBuildFile; fileRef = 503843231DD3E19B009E3DF7 /* AppDelegate.swift */; };
		503843261DD3E19B009E3DF7 /* ViewController.swift in Sources */ = {isa = PBXBuildFile; fileRef = 503843251DD3E19B009E3DF7 /* ViewController.swift */; };
		503843291DD3E19B009E3DF7 /* Main.storyboard in Resources */ = {isa = PBXBuildFile; fileRef = 503843271DD3E19B009E3DF7 /* Main.storyboard */; };
		5038432B1DD3E19B009E3DF7 /* Assets.xcassets in Resources */ = {isa = PBXBuildFile; fileRef = 5038432A1DD3E19B009E3DF7 /* Assets.xcassets */; };
		5038432E1DD3E19B009E3DF7 /* LaunchScreen.storyboard in Resources */ = {isa = PBXBuildFile; fileRef = 5038432C1DD3E19B009E3DF7 /* LaunchScreen.storyboard */; };
		503843381DD3E64A009E3DF7 /* GoogleService-Info.plist in Resources */ = {isa = PBXBuildFile; fileRef = 503843371DD3E64A009E3DF7 /* GoogleService-Info.plist */; };
		50393E4D1DD3F5F300634411 /* FBSDKLoginKit.framework in Frameworks */ = {isa = PBXBuildFile; fileRef = 50393E4C1DD3F5F300634411 /* FBSDKLoginKit.framework */; };
		D8ECBFA63CF51D25ECBE4915 /* Pods_ChallengeMe.framework in Frameworks */ = {isa = PBXBuildFile; fileRef = B55AFDA20816199582625CCE /* Pods_ChallengeMe.framework */; };
/* End PBXBuildFile section */

/* Begin PBXFileReference section */
		212D2CC01DDB7C030081BB31 /* ChallengeCreationController.swift */ = {isa = PBXFileReference; fileEncoding = 4; lastKnownFileType = sourcecode.swift; path = ChallengeCreationController.swift; sourceTree = "<group>"; };
		212D2CC21DDB7D450081BB31 /* challengeObject.swift */ = {isa = PBXFileReference; fileEncoding = 4; lastKnownFileType = sourcecode.swift; path = challengeObject.swift; sourceTree = "<group>"; };
		39791405F571C8EE47A45BAB /* Pods-ChallengeMe.release.xcconfig */ = {isa = PBXFileReference; includeInIndex = 1; lastKnownFileType = text.xcconfig; name = "Pods-ChallengeMe.release.xcconfig"; path = "Pods/Target Support Files/Pods-ChallengeMe/Pods-ChallengeMe.release.xcconfig"; sourceTree = "<group>"; };
		503843201DD3E19B009E3DF7 /* ChallengeMe.app */ = {isa = PBXFileReference; explicitFileType = wrapper.application; includeInIndex = 0; path = ChallengeMe.app; sourceTree = BUILT_PRODUCTS_DIR; };
		503843231DD3E19B009E3DF7 /* AppDelegate.swift */ = {isa = PBXFileReference; lastKnownFileType = sourcecode.swift; path = AppDelegate.swift; sourceTree = "<group>"; };
		503843251DD3E19B009E3DF7 /* ViewController.swift */ = {isa = PBXFileReference; lastKnownFileType = sourcecode.swift; path = ViewController.swift; sourceTree = "<group>"; };
		503843281DD3E19B009E3DF7 /* Base */ = {isa = PBXFileReference; lastKnownFileType = file.storyboard; name = Base; path = Base.lproj/Main.storyboard; sourceTree = "<group>"; };
		5038432A1DD3E19B009E3DF7 /* Assets.xcassets */ = {isa = PBXFileReference; lastKnownFileType = folder.assetcatalog; path = Assets.xcassets; sourceTree = "<group>"; };
		5038432D1DD3E19B009E3DF7 /* Base */ = {isa = PBXFileReference; lastKnownFileType = file.storyboard; name = Base; path = Base.lproj/LaunchScreen.storyboard; sourceTree = "<group>"; };
		5038432F1DD3E19B009E3DF7 /* Info.plist */ = {isa = PBXFileReference; lastKnownFileType = text.plist.xml; path = Info.plist; sourceTree = "<group>"; };
		503843371DD3E64A009E3DF7 /* GoogleService-Info.plist */ = {isa = PBXFileReference; fileEncoding = 4; lastKnownFileType = text.plist.xml; path = "GoogleService-Info.plist"; sourceTree = "<group>"; };
		50393E4C1DD3F5F300634411 /* FBSDKLoginKit.framework */ = {isa = PBXFileReference; lastKnownFileType = wrapper.framework; path = FBSDKLoginKit.framework; sourceTree = "<group>"; };
		A58DA11B33AF8B530684C8AD /* Pods-ChallengeMe.debug.xcconfig */ = {isa = PBXFileReference; includeInIndex = 1; lastKnownFileType = text.xcconfig; name = "Pods-ChallengeMe.debug.xcconfig"; path = "Pods/Target Support Files/Pods-ChallengeMe/Pods-ChallengeMe.debug.xcconfig"; sourceTree = "<group>"; };
		B55AFDA20816199582625CCE /* Pods_ChallengeMe.framework */ = {isa = PBXFileReference; explicitFileType = wrapper.framework; includeInIndex = 0; path = Pods_ChallengeMe.framework; sourceTree = BUILT_PRODUCTS_DIR; };
/* End PBXFileReference section */

/* Begin PBXFrameworksBuildPhase section */
		5038431D1DD3E19A009E3DF7 /* Frameworks */ = {
			isa = PBXFrameworksBuildPhase;
			buildActionMask = 2147483647;
			files = (
				50393E4D1DD3F5F300634411 /* FBSDKLoginKit.framework in Frameworks */,
				D8ECBFA63CF51D25ECBE4915 /* Pods_ChallengeMe.framework in Frameworks */,
			);
			runOnlyForDeploymentPostprocessing = 0;
		};
/* End PBXFrameworksBuildPhase section */

/* Begin PBXGroup section */
		1A67D5EC3DC92D9068327B9F /* Pods */ = {
			isa = PBXGroup;
			children = (
				A58DA11B33AF8B530684C8AD /* Pods-ChallengeMe.debug.xcconfig */,
				39791405F571C8EE47A45BAB /* Pods-ChallengeMe.release.xcconfig */,
			);
			name = Pods;
			sourceTree = "<group>";
		};
		382FC36AF29856BC4F462D02 /* Frameworks */ = {
			isa = PBXGroup;
			children = (
				50393E4C1DD3F5F300634411 /* FBSDKLoginKit.framework */,
				B55AFDA20816199582625CCE /* Pods_ChallengeMe.framework */,
			);
			name = Frameworks;
			sourceTree = "<group>";
		};
		503843171DD3E19A009E3DF7 = {
			isa = PBXGroup;
			children = (
				503843221DD3E19B009E3DF7 /* ChallengeMe */,
				503843211DD3E19B009E3DF7 /* Products */,
				1A67D5EC3DC92D9068327B9F /* Pods */,
				382FC36AF29856BC4F462D02 /* Frameworks */,
			);
			sourceTree = "<group>";
		};
		503843211DD3E19B009E3DF7 /* Products */ = {
			isa = PBXGroup;
			children = (
				503843201DD3E19B009E3DF7 /* ChallengeMe.app */,
			);
			name = Products;
			sourceTree = "<group>";
		};
		503843221DD3E19B009E3DF7 /* ChallengeMe */ = {
			isa = PBXGroup;
			children = (
				503843231DD3E19B009E3DF7 /* AppDelegate.swift */,
				503843251DD3E19B009E3DF7 /* ViewController.swift */,
				503843271DD3E19B009E3DF7 /* Main.storyboard */,
				5038432A1DD3E19B009E3DF7 /* Assets.xcassets */,
				5038432C1DD3E19B009E3DF7 /* LaunchScreen.storyboard */,
				5038432F1DD3E19B009E3DF7 /* Info.plist */,
				503843371DD3E64A009E3DF7 /* GoogleService-Info.plist */,
				212D2CC01DDB7C030081BB31 /* ChallengeCreationController.swift */,
				212D2CC21DDB7D450081BB31 /* challengeObject.swift */,
			);
			path = ChallengeMe;
			sourceTree = "<group>";
		};
/* End PBXGroup section */

/* Begin PBXNativeTarget section */
		5038431F1DD3E19A009E3DF7 /* ChallengeMe */ = {
			isa = PBXNativeTarget;
			buildConfigurationList = 503843321DD3E19B009E3DF7 /* Build configuration list for PBXNativeTarget "ChallengeMe" */;
			buildPhases = (
				FABF4A6910070784D01AD28E /* [CP] Check Pods Manifest.lock */,
				5038431C1DD3E19A009E3DF7 /* Sources */,
				5038431D1DD3E19A009E3DF7 /* Frameworks */,
				5038431E1DD3E19A009E3DF7 /* Resources */,
				9FE4DB3159DDCAEE72932D4B /* [CP] Embed Pods Frameworks */,
				D015E8453A3D58E4FC3C8FE6 /* [CP] Copy Pods Resources */,
			);
			buildRules = (
			);
			dependencies = (
			);
			name = ChallengeMe;
			productName = ChallengeMe;
			productReference = 503843201DD3E19B009E3DF7 /* ChallengeMe.app */;
			productType = "com.apple.product-type.application";
		};
/* End PBXNativeTarget section */

/* Begin PBXProject section */
		503843181DD3E19A009E3DF7 /* Project object */ = {
			isa = PBXProject;
			attributes = {
				LastSwiftUpdateCheck = 0810;
				LastUpgradeCheck = 0810;
				ORGANIZATIONNAME = "Mindy Borovsky";
				TargetAttributes = {
					5038431F1DD3E19A009E3DF7 = {
						CreatedOnToolsVersion = 8.1;
						ProvisioningStyle = Automatic;
					};
				};
			};
			buildConfigurationList = 5038431B1DD3E19A009E3DF7 /* Build configuration list for PBXProject "ChallengeMe" */;
			compatibilityVersion = "Xcode 3.2";
			developmentRegion = English;
			hasScannedForEncodings = 0;
			knownRegions = (
				en,
				Base,
			);
			mainGroup = 503843171DD3E19A009E3DF7;
			productRefGroup = 503843211DD3E19B009E3DF7 /* Products */;
			projectDirPath = "";
			projectRoot = "";
			targets = (
				5038431F1DD3E19A009E3DF7 /* ChallengeMe */,
			);
		};
/* End PBXProject section */

/* Begin PBXResourcesBuildPhase section */
		5038431E1DD3E19A009E3DF7 /* Resources */ = {
			isa = PBXResourcesBuildPhase;
			buildActionMask = 2147483647;
			files = (
				5038432E1DD3E19B009E3DF7 /* LaunchScreen.storyboard in Resources */,
				503843381DD3E64A009E3DF7 /* GoogleService-Info.plist in Resources */,
				5038432B1DD3E19B009E3DF7 /* Assets.xcassets in Resources */,
				503843291DD3E19B009E3DF7 /* Main.storyboard in Resources */,
			);
			runOnlyForDeploymentPostprocessing = 0;
		};
/* End PBXResourcesBuildPhase section */

/* Begin PBXShellScriptBuildPhase section */
		9FE4DB3159DDCAEE72932D4B /* [CP] Embed Pods Frameworks */ = {
			isa = PBXShellScriptBuildPhase;
			buildActionMask = 2147483647;
			files = (
			);
			inputPaths = (
			);
			name = "[CP] Embed Pods Frameworks";
			outputPaths = (
			);
			runOnlyForDeploymentPostprocessing = 0;
			shellPath = /bin/sh;
			shellScript = "\"${SRCROOT}/Pods/Target Support Files/Pods-ChallengeMe/Pods-ChallengeMe-frameworks.sh\"\n";
			showEnvVarsInLog = 0;
		};
		D015E8453A3D58E4FC3C8FE6 /* [CP] Copy Pods Resources */ = {
			isa = PBXShellScriptBuildPhase;
			buildActionMask = 2147483647;
			files = (
			);
			inputPaths = (
			);
			name = "[CP] Copy Pods Resources";
			outputPaths = (
			);
			runOnlyForDeploymentPostprocessing = 0;
			shellPath = /bin/sh;
			shellScript = "\"${SRCROOT}/Pods/Target Support Files/Pods-ChallengeMe/Pods-ChallengeMe-resources.sh\"\n";
			showEnvVarsInLog = 0;
		};
		FABF4A6910070784D01AD28E /* [CP] Check Pods Manifest.lock */ = {
			isa = PBXShellScriptBuildPhase;
			buildActionMask = 2147483647;
			files = (
			);
			inputPaths = (
			);
			name = "[CP] Check Pods Manifest.lock";
			outputPaths = (
			);
			runOnlyForDeploymentPostprocessing = 0;
			shellPath = /bin/sh;
			shellScript = "diff \"${PODS_ROOT}/../Podfile.lock\" \"${PODS_ROOT}/Manifest.lock\" > /dev/null\nif [ $? != 0 ] ; then\n    # print error to STDERR\n    echo \"error: The sandbox is not in sync with the Podfile.lock. Run 'pod install' or update your CocoaPods installation.\" >&2\n    exit 1\nfi\n";
			showEnvVarsInLog = 0;
		};
/* End PBXShellScriptBuildPhase section */

/* Begin PBXSourcesBuildPhase section */
		5038431C1DD3E19A009E3DF7 /* Sources */ = {
			isa = PBXSourcesBuildPhase;
			buildActionMask = 2147483647;
			files = (
				503843261DD3E19B009E3DF7 /* ViewController.swift in Sources */,
				503843241DD3E19B009E3DF7 /* AppDelegate.swift in Sources */,
				212D2CC31DDB7D450081BB31 /* challengeObject.swift in Sources */,
				212D2CC11DDB7C030081BB31 /* ChallengeCreationController.swift in Sources */,
			);
			runOnlyForDeploymentPostprocessing = 0;
		};
/* End PBXSourcesBuildPhase section */

/* Begin PBXVariantGroup section */
		503843271DD3E19B009E3DF7 /* Main.storyboard */ = {
			isa = PBXVariantGroup;
			children = (
				503843281DD3E19B009E3DF7 /* Base */,
			);
			name = Main.storyboard;
			sourceTree = "<group>";
		};
		5038432C1DD3E19B009E3DF7 /* LaunchScreen.storyboard */ = {
			isa = PBXVariantGroup;
			children = (
				5038432D1DD3E19B009E3DF7 /* Base */,
			);
			name = LaunchScreen.storyboard;
			sourceTree = "<group>";
		};
/* End PBXVariantGroup section */

/* Begin XCBuildConfiguration section */
		503843301DD3E19B009E3DF7 /* Debug */ = {
			isa = XCBuildConfiguration;
			buildSettings = {
				ALWAYS_SEARCH_USER_PATHS = NO;
				CLANG_ANALYZER_NONNULL = YES;
				CLANG_CXX_LANGUAGE_STANDARD = "gnu++0x";
				CLANG_CXX_LIBRARY = "libc++";
				CLANG_ENABLE_MODULES = YES;
				CLANG_ENABLE_OBJC_ARC = YES;
				CLANG_WARN_BOOL_CONVERSION = YES;
				CLANG_WARN_CONSTANT_CONVERSION = YES;
				CLANG_WARN_DIRECT_OBJC_ISA_USAGE = YES_ERROR;
				CLANG_WARN_DOCUMENTATION_COMMENTS = YES;
				CLANG_WARN_EMPTY_BODY = YES;
				CLANG_WARN_ENUM_CONVERSION = YES;
				CLANG_WARN_INFINITE_RECURSION = YES;
				CLANG_WARN_INT_CONVERSION = YES;
				CLANG_WARN_OBJC_ROOT_CLASS = YES_ERROR;
				CLANG_WARN_SUSPICIOUS_MOVES = YES;
				CLANG_WARN_UNREACHABLE_CODE = YES;
				CLANG_WARN__DUPLICATE_METHOD_MATCH = YES;
				"CODE_SIGN_IDENTITY[sdk=iphoneos*]" = "iPhone Developer";
				COPY_PHASE_STRIP = NO;
				DEBUG_INFORMATION_FORMAT = dwarf;
				ENABLE_STRICT_OBJC_MSGSEND = YES;
				ENABLE_TESTABILITY = YES;
				GCC_C_LANGUAGE_STANDARD = gnu99;
				GCC_DYNAMIC_NO_PIC = NO;
				GCC_NO_COMMON_BLOCKS = YES;
				GCC_OPTIMIZATION_LEVEL = 0;
				GCC_PREPROCESSOR_DEFINITIONS = (
					"DEBUG=1",
					"$(inherited)",
				);
				GCC_WARN_64_TO_32_BIT_CONVERSION = YES;
				GCC_WARN_ABOUT_RETURN_TYPE = YES_ERROR;
				GCC_WARN_UNDECLARED_SELECTOR = YES;
				GCC_WARN_UNINITIALIZED_AUTOS = YES_AGGRESSIVE;
				GCC_WARN_UNUSED_FUNCTION = YES;
				GCC_WARN_UNUSED_VARIABLE = YES;
				IPHONEOS_DEPLOYMENT_TARGET = 10.1;
				MTL_ENABLE_DEBUG_INFO = YES;
				ONLY_ACTIVE_ARCH = YES;
				SDKROOT = iphoneos;
				SWIFT_ACTIVE_COMPILATION_CONDITIONS = DEBUG;
				SWIFT_OPTIMIZATION_LEVEL = "-Onone";
				TARGETED_DEVICE_FAMILY = "1,2";
			};
			name = Debug;
		};
		503843311DD3E19B009E3DF7 /* Release */ = {
			isa = XCBuildConfiguration;
			buildSettings = {
				ALWAYS_SEARCH_USER_PATHS = NO;
				CLANG_ANALYZER_NONNULL = YES;
				CLANG_CXX_LANGUAGE_STANDARD = "gnu++0x";
				CLANG_CXX_LIBRARY = "libc++";
				CLANG_ENABLE_MODULES = YES;
				CLANG_ENABLE_OBJC_ARC = YES;
				CLANG_WARN_BOOL_CONVERSION = YES;
				CLANG_WARN_CONSTANT_CONVERSION = YES;
				CLANG_WARN_DIRECT_OBJC_ISA_USAGE = YES_ERROR;
				CLANG_WARN_DOCUMENTATION_COMMENTS = YES;
				CLANG_WARN_EMPTY_BODY = YES;
				CLANG_WARN_ENUM_CONVERSION = YES;
				CLANG_WARN_INFINITE_RECURSION = YES;
				CLANG_WARN_INT_CONVERSION = YES;
				CLANG_WARN_OBJC_ROOT_CLASS = YES_ERROR;
				CLANG_WARN_SUSPICIOUS_MOVES = YES;
				CLANG_WARN_UNREACHABLE_CODE = YES;
				CLANG_WARN__DUPLICATE_METHOD_MATCH = YES;
				"CODE_SIGN_IDENTITY[sdk=iphoneos*]" = "iPhone Developer";
				COPY_PHASE_STRIP = NO;
				DEBUG_INFORMATION_FORMAT = "dwarf-with-dsym";
				ENABLE_NS_ASSERTIONS = NO;
				ENABLE_STRICT_OBJC_MSGSEND = YES;
				GCC_C_LANGUAGE_STANDARD = gnu99;
				GCC_NO_COMMON_BLOCKS = YES;
				GCC_WARN_64_TO_32_BIT_CONVERSION = YES;
				GCC_WARN_ABOUT_RETURN_TYPE = YES_ERROR;
				GCC_WARN_UNDECLARED_SELECTOR = YES;
				GCC_WARN_UNINITIALIZED_AUTOS = YES_AGGRESSIVE;
				GCC_WARN_UNUSED_FUNCTION = YES;
				GCC_WARN_UNUSED_VARIABLE = YES;
				IPHONEOS_DEPLOYMENT_TARGET = 10.1;
				MTL_ENABLE_DEBUG_INFO = NO;
				SDKROOT = iphoneos;
				SWIFT_OPTIMIZATION_LEVEL = "-Owholemodule";
				TARGETED_DEVICE_FAMILY = "1,2";
				VALIDATE_PRODUCT = YES;
			};
			name = Release;
		};
		503843331DD3E19B009E3DF7 /* Debug */ = {
			isa = XCBuildConfiguration;
			baseConfigurationReference = A58DA11B33AF8B530684C8AD /* Pods-ChallengeMe.debug.xcconfig */;
			buildSettings = {
				ASSETCATALOG_COMPILER_APPICON_NAME = AppIcon;
				FRAMEWORK_SEARCH_PATHS = (
					"$(inherited)",
					"$(PROJECT_DIR)",
				);
				INFOPLIST_FILE = ChallengeMe/Info.plist;
				LD_RUNPATH_SEARCH_PATHS = "$(inherited) @executable_path/Frameworks";
				PRODUCT_BUNDLE_IDENTIFIER = edu.wustl.ChallengeMe;
				PRODUCT_NAME = "$(TARGET_NAME)";
				SWIFT_VERSION = 3.0;
			};
			name = Debug;
		};
		503843341DD3E19B009E3DF7 /* Release */ = {
			isa = XCBuildConfiguration;
			baseConfigurationReference = 39791405F571C8EE47A45BAB /* Pods-ChallengeMe.release.xcconfig */;
			buildSettings = {
				ASSETCATALOG_COMPILER_APPICON_NAME = AppIcon;
				FRAMEWORK_SEARCH_PATHS = (
					"$(inherited)",
					"$(PROJECT_DIR)",
				);
				INFOPLIST_FILE = ChallengeMe/Info.plist;
				LD_RUNPATH_SEARCH_PATHS = "$(inherited) @executable_path/Frameworks";
				PRODUCT_BUNDLE_IDENTIFIER = edu.wustl.ChallengeMe;
				PRODUCT_NAME = "$(TARGET_NAME)";
				SWIFT_VERSION = 3.0;
			};
			name = Release;
		};
/* End XCBuildConfiguration section */

/* Begin XCConfigurationList section */
		5038431B1DD3E19A009E3DF7 /* Build configuration list for PBXProject "ChallengeMe" */ = {
			isa = XCConfigurationList;
			buildConfigurations = (
				503843301DD3E19B009E3DF7 /* Debug */,
				503843311DD3E19B009E3DF7 /* Release */,
			);
			defaultConfigurationIsVisible = 0;
			defaultConfigurationName = Release;
		};
		503843321DD3E19B009E3DF7 /* Build configuration list for PBXNativeTarget "ChallengeMe" */ = {
			isa = XCConfigurationList;
			buildConfigurations = (
				503843331DD3E19B009E3DF7 /* Debug */,
				503843341DD3E19B009E3DF7 /* Release */,
			);
			defaultConfigurationIsVisible = 0;
			defaultConfigurationName = Release;
		};
/* End XCConfigurationList section */
	};
	rootObject = 503843181DD3E19A009E3DF7 /* Project object */;
}
